
Microsoft Visual Studio Solution File, Format Version 12.00
# Visual Studio Version 16
VisualStudioVersion = 16.0.29519.87
MinimumVisualStudioVersion = 10.0.40219.1
Project("{FAE04EC0-301F-11D3-BF4B-00C04F79EFBC}") = "Software1C968BFM1", "Software1C968BFM1.csproj", "{FFDDD78E-5BFF-4417-A930-A94DA278D05A}"
EndProject
Global
	GlobalSection(SolutionConfigurationPlatforms) = preSolution
		Debug|Any CPU = Debug|Any CPU
		Release|Any CPU = Release|Any CPU
	EndGlobalSection
	GlobalSection(ProjectConfigurationPlatforms) = postSolution
		{FFDDD78E-5BFF-4417-A930-A94DA278D05A}.Debug|Any CPU.ActiveCfg = Debug|Any CPU
		{FFDDD78E-5BFF-4417-A930-A94DA278D05A}.Debug|Any CPU.Build.0 = Debug|Any CPU
		{FFDDD78E-5BFF-4417-A930-A94DA278D05A}.Release|Any CPU.ActiveCfg = Release|Any CPU
		{FFDDD78E-5BFF-4417-A930-A94DA278D05A}.Release|Any CPU.Build.0 = Release|Any CPU
	EndGlobalSection
	GlobalSection(SolutionProperties) = preSolution
		HideSolutionNode = FALSE
	EndGlobalSection
	GlobalSection(ExtensibilityGlobals) = postSolution
		SolutionGuid = {F3244145-66EF-49FD-A129-966F96257F17}
	EndGlobalSection
EndGlobal
